// !$*UTF8*$!
{
	archiveVersion = 1;
	classes = {
	};
	objectVersion = 46;
	objects = {

/* Begin PBXBuildFile section */
		FA5257271B6A5CBC00EAC3AB /* NewViewController.m in Sources */ = {isa = PBXBuildFile; fileRef = FA5257261B6A5CBC00EAC3AB /* NewViewController.m */; };
		FA52572A1B6A5CD400EAC3AB /* InitialViewController.m in Sources */ = {isa = PBXBuildFile; fileRef = FA5257291B6A5CD400EAC3AB /* InitialViewController.m */; };
		FAB561D51B72E7FD002162F6 /* RecordingViewController.m in Sources */ = {isa = PBXBuildFile; fileRef = FAB561D41B72E7FD002162F6 /* RecordingViewController.m */; };
		FAEB064E1B63840800A01D16 /* main.m in Sources */ = {isa = PBXBuildFile; fileRef = FAEB064D1B63840800A01D16 /* main.m */; };
		FAEB06511B63840800A01D16 /* AppDelegate.m in Sources */ = {isa = PBXBuildFile; fileRef = FAEB06501B63840800A01D16 /* AppDelegate.m */; };
		FAEB06541B63840800A01D16 /* ViewController.m in Sources */ = {isa = PBXBuildFile; fileRef = FAEB06531B63840800A01D16 /* ViewController.m */; };
		FAEB06571B63840800A01D16 /* Main.storyboard in Resources */ = {isa = PBXBuildFile; fileRef = FAEB06551B63840800A01D16 /* Main.storyboard */; };
		FAEB06591B63840800A01D16 /* Images.xcassets in Resources */ = {isa = PBXBuildFile; fileRef = FAEB06581B63840800A01D16 /* Images.xcassets */; };
		FAEB065C1B63840800A01D16 /* LaunchScreen.xib in Resources */ = {isa = PBXBuildFile; fileRef = FAEB065A1B63840800A01D16 /* LaunchScreen.xib */; };
		FAEB06681B63840800A01D16 /* OpusEncodingObjCTests.m in Sources */ = {isa = PBXBuildFile; fileRef = FAEB06671B63840800A01D16 /* OpusEncodingObjCTests.m */; };
		FAEB06951B63843900A01D16 /* EZAudio.m in Sources */ = {isa = PBXBuildFile; fileRef = FAEB06731B63843900A01D16 /* EZAudio.m */; };
		FAEB06961B63843900A01D16 /* EZAudioDevice.m in Sources */ = {isa = PBXBuildFile; fileRef = FAEB06751B63843900A01D16 /* EZAudioDevice.m */; };
		FAEB06971B63843900A01D16 /* EZAudioDisplayLink.m in Sources */ = {isa = PBXBuildFile; fileRef = FAEB06771B63843900A01D16 /* EZAudioDisplayLink.m */; };
		FAEB06981B63843900A01D16 /* EZAudioFFT.m in Sources */ = {isa = PBXBuildFile; fileRef = FAEB06791B63843900A01D16 /* EZAudioFFT.m */; };
		FAEB06991B63843900A01D16 /* EZAudioFile.m in Sources */ = {isa = PBXBuildFile; fileRef = FAEB067B1B63843900A01D16 /* EZAudioFile.m */; };
		FAEB069A1B63843900A01D16 /* EZAudioFloatConverter.m in Sources */ = {isa = PBXBuildFile; fileRef = FAEB067D1B63843900A01D16 /* EZAudioFloatConverter.m */; };
		FAEB069B1B63843900A01D16 /* EZAudioFloatData.m in Sources */ = {isa = PBXBuildFile; fileRef = FAEB067F1B63843900A01D16 /* EZAudioFloatData.m */; };
		FAEB069C1B63843900A01D16 /* EZAudioPlayer.m in Sources */ = {isa = PBXBuildFile; fileRef = FAEB06811B63843900A01D16 /* EZAudioPlayer.m */; };
		FAEB069D1B63843900A01D16 /* EZAudioPlot.m in Sources */ = {isa = PBXBuildFile; fileRef = FAEB06831B63843900A01D16 /* EZAudioPlot.m */; };
		FAEB069E1B63843900A01D16 /* EZAudioPlotGL.m in Sources */ = {isa = PBXBuildFile; fileRef = FAEB06851B63843900A01D16 /* EZAudioPlotGL.m */; };
		FAEB069F1B63843900A01D16 /* EZAudioUtilities.m in Sources */ = {isa = PBXBuildFile; fileRef = FAEB06871B63843900A01D16 /* EZAudioUtilities.m */; };
		FAEB06A01B63843900A01D16 /* EZMicrophone.m in Sources */ = {isa = PBXBuildFile; fileRef = FAEB06891B63843900A01D16 /* EZMicrophone.m */; };
		FAEB06A11B63843900A01D16 /* EZOutput.m in Sources */ = {isa = PBXBuildFile; fileRef = FAEB068B1B63843900A01D16 /* EZOutput.m */; };
		FAEB06A21B63843900A01D16 /* EZPlot.m in Sources */ = {isa = PBXBuildFile; fileRef = FAEB068D1B63843900A01D16 /* EZPlot.m */; };
		FAEB06A31B63843900A01D16 /* EZRecorder.m in Sources */ = {isa = PBXBuildFile; fileRef = FAEB068F1B63843900A01D16 /* EZRecorder.m */; };
		FAEB06A41B63843900A01D16 /* TPCircularBuffer.c in Sources */ = {isa = PBXBuildFile; fileRef = FAEB06901B63843900A01D16 /* TPCircularBuffer.c */; };
		FAEB06A51B63843900A01D16 /* CHANGELOG in Resources */ = {isa = PBXBuildFile; fileRef = FAEB06931B63843900A01D16 /* CHANGELOG */; };
		FAEB06A61B63843900A01D16 /* VERSION in Resources */ = {isa = PBXBuildFile; fileRef = FAEB06941B63843900A01D16 /* VERSION */; };
		FAEB06B71B63845E00A01D16 /* libogg.a in Frameworks */ = {isa = PBXBuildFile; fileRef = FAEB06A91B63845E00A01D16 /* libogg.a */; };
		FAEB06B81B63845E00A01D16 /* libopus.a in Frameworks */ = {isa = PBXBuildFile; fileRef = FAEB06AD1B63845E00A01D16 /* libopus.a */; };
		FAEB06B91B63845E00A01D16 /* CSIDataQueue.c in Sources */ = {isa = PBXBuildFile; fileRef = FAEB06B31B63845E00A01D16 /* CSIDataQueue.c */; };
		FAEB06BA1B63845E00A01D16 /* CSIOpusEncoder.m in Sources */ = {isa = PBXBuildFile; fileRef = FAEB06B61B63845E00A01D16 /* CSIOpusEncoder.m */; };
		FAEB06C81B6384A100A01D16 /* OKCodec.m in Sources */ = {isa = PBXBuildFile; fileRef = FAEB06BD1B6384A100A01D16 /* OKCodec.m */; };
		FAEB06C91B6384A100A01D16 /* OKDecoder.m in Sources */ = {isa = PBXBuildFile; fileRef = FAEB06BF1B6384A100A01D16 /* OKDecoder.m */; };
		FAEB06CA1B6384A100A01D16 /* OKEncoder.m in Sources */ = {isa = PBXBuildFile; fileRef = FAEB06C11B6384A100A01D16 /* OKEncoder.m */; };
		FAEB06CB1B6384A100A01D16 /* OKPacket.m in Sources */ = {isa = PBXBuildFile; fileRef = FAEB06C31B6384A100A01D16 /* OKPacket.m */; };
		FAEB06CC1B6384A100A01D16 /* OKUtilities.m in Sources */ = {isa = PBXBuildFile; fileRef = FAEB06C51B6384A100A01D16 /* OKUtilities.m */; };
		FAEB06CD1B6384A100A01D16 /* OpusKit.m in Sources */ = {isa = PBXBuildFile; fileRef = FAEB06C71B6384A100A01D16 /* OpusKit.m */; };
		FAEB06D01B6385E600A01D16 /* CMBAudioController.m in Sources */ = {isa = PBXBuildFile; fileRef = FAEB06CF1B6385E600A01D16 /* CMBAudioController.m */; };
		FAEB06D31B63872000A01D16 /* TPCircularBuffer+AudioBufferList.c in Sources */ = {isa = PBXBuildFile; fileRef = FAEB06D11B63872000A01D16 /* TPCircularBuffer+AudioBufferList.c */; };
/* End PBXBuildFile section */

/* Begin PBXContainerItemProxy section */
		FAEB06621B63840800A01D16 /* PBXContainerItemProxy */ = {
			isa = PBXContainerItemProxy;
			containerPortal = FAEB06401B63840800A01D16 /* Project object */;
			proxyType = 1;
			remoteGlobalIDString = FAEB06471B63840800A01D16;
			remoteInfo = OpusEncodingObjC;
		};
/* End PBXContainerItemProxy section */

/* Begin PBXFileReference section */
		FA5257251B6A5CBC00EAC3AB /* NewViewController.h */ = {isa = PBXFileReference; fileEncoding = 4; lastKnownFileType = sourcecode.c.h; path = NewViewController.h; sourceTree = "<group>"; };
		FA5257261B6A5CBC00EAC3AB /* NewViewController.m */ = {isa = PBXFileReference; fileEncoding = 4; lastKnownFileType = sourcecode.c.objc; path = NewViewController.m; sourceTree = "<group>"; };
		FA5257281B6A5CD400EAC3AB /* InitialViewController.h */ = {isa = PBXFileReference; fileEncoding = 4; lastKnownFileType = sourcecode.c.h; path = InitialViewController.h; sourceTree = "<group>"; };
		FA5257291B6A5CD400EAC3AB /* InitialViewController.m */ = {isa = PBXFileReference; fileEncoding = 4; lastKnownFileType = sourcecode.c.objc; path = InitialViewController.m; sourceTree = "<group>"; };
		FAB561D31B72E7FD002162F6 /* RecordingViewController.h */ = {isa = PBXFileReference; fileEncoding = 4; lastKnownFileType = sourcecode.c.h; path = RecordingViewController.h; sourceTree = "<group>"; };
		FAB561D41B72E7FD002162F6 /* RecordingViewController.m */ = {isa = PBXFileReference; fileEncoding = 4; lastKnownFileType = sourcecode.c.objc; path = RecordingViewController.m; sourceTree = "<group>"; };
		FAEB06481B63840800A01D16 /* OpusEncodingObjC.app */ = {isa = PBXFileReference; explicitFileType = wrapper.application; includeInIndex = 0; path = OpusEncodingObjC.app; sourceTree = BUILT_PRODUCTS_DIR; };
		FAEB064C1B63840800A01D16 /* Info.plist */ = {isa = PBXFileReference; lastKnownFileType = text.plist.xml; path = Info.plist; sourceTree = "<group>"; };
		FAEB064D1B63840800A01D16 /* main.m */ = {isa = PBXFileReference; lastKnownFileType = sourcecode.c.objc; path = main.m; sourceTree = "<group>"; };
		FAEB064F1B63840800A01D16 /* AppDelegate.h */ = {isa = PBXFileReference; lastKnownFileType = sourcecode.c.h; path = AppDelegate.h; sourceTree = "<group>"; };
		FAEB06501B63840800A01D16 /* AppDelegate.m */ = {isa = PBXFileReference; lastKnownFileType = sourcecode.c.objc; path = AppDelegate.m; sourceTree = "<group>"; };
		FAEB06521B63840800A01D16 /* ViewController.h */ = {isa = PBXFileReference; lastKnownFileType = sourcecode.c.h; path = ViewController.h; sourceTree = "<group>"; };
		FAEB06531B63840800A01D16 /* ViewController.m */ = {isa = PBXFileReference; lastKnownFileType = sourcecode.c.objc; path = ViewController.m; sourceTree = "<group>"; };
		FAEB06561B63840800A01D16 /* Base */ = {isa = PBXFileReference; lastKnownFileType = file.storyboard; name = Base; path = Base.lproj/Main.storyboard; sourceTree = "<group>"; };
		FAEB06581B63840800A01D16 /* Images.xcassets */ = {isa = PBXFileReference; lastKnownFileType = folder.assetcatalog; path = Images.xcassets; sourceTree = "<group>"; };
		FAEB065B1B63840800A01D16 /* Base */ = {isa = PBXFileReference; lastKnownFileType = file.xib; name = Base; path = Base.lproj/LaunchScreen.xib; sourceTree = "<group>"; };
		FAEB06611B63840800A01D16 /* OpusEncodingObjCTests.xctest */ = {isa = PBXFileReference; explicitFileType = wrapper.cfbundle; includeInIndex = 0; path = OpusEncodingObjCTests.xctest; sourceTree = BUILT_PRODUCTS_DIR; };
		FAEB06661B63840800A01D16 /* Info.plist */ = {isa = PBXFileReference; lastKnownFileType = text.plist.xml; path = Info.plist; sourceTree = "<group>"; };
		FAEB06671B63840800A01D16 /* OpusEncodingObjCTests.m */ = {isa = PBXFileReference; lastKnownFileType = sourcecode.c.objc; path = OpusEncodingObjCTests.m; sourceTree = "<group>"; };
		FAEB06721B63843900A01D16 /* EZAudio.h */ = {isa = PBXFileReference; fileEncoding = 4; lastKnownFileType = sourcecode.c.h; path = EZAudio.h; sourceTree = "<group>"; };
		FAEB06731B63843900A01D16 /* EZAudio.m */ = {isa = PBXFileReference; fileEncoding = 4; lastKnownFileType = sourcecode.c.objc; path = EZAudio.m; sourceTree = "<group>"; };
		FAEB06741B63843900A01D16 /* EZAudioDevice.h */ = {isa = PBXFileReference; fileEncoding = 4; lastKnownFileType = sourcecode.c.h; path = EZAudioDevice.h; sourceTree = "<group>"; };
		FAEB06751B63843900A01D16 /* EZAudioDevice.m */ = {isa = PBXFileReference; fileEncoding = 4; lastKnownFileType = sourcecode.c.objc; path = EZAudioDevice.m; sourceTree = "<group>"; };
		FAEB06761B63843900A01D16 /* EZAudioDisplayLink.h */ = {isa = PBXFileReference; fileEncoding = 4; lastKnownFileType = sourcecode.c.h; path = EZAudioDisplayLink.h; sourceTree = "<group>"; };
		FAEB06771B63843900A01D16 /* EZAudioDisplayLink.m */ = {isa = PBXFileReference; fileEncoding = 4; lastKnownFileType = sourcecode.c.objc; path = EZAudioDisplayLink.m; sourceTree = "<group>"; };
		FAEB06781B63843900A01D16 /* EZAudioFFT.h */ = {isa = PBXFileReference; fileEncoding = 4; lastKnownFileType = sourcecode.c.h; path = EZAudioFFT.h; sourceTree = "<group>"; };
		FAEB06791B63843900A01D16 /* EZAudioFFT.m */ = {isa = PBXFileReference; fileEncoding = 4; lastKnownFileType = sourcecode.c.objc; path = EZAudioFFT.m; sourceTree = "<group>"; };
		FAEB067A1B63843900A01D16 /* EZAudioFile.h */ = {isa = PBXFileReference; fileEncoding = 4; lastKnownFileType = sourcecode.c.h; path = EZAudioFile.h; sourceTree = "<group>"; };
		FAEB067B1B63843900A01D16 /* EZAudioFile.m */ = {isa = PBXFileReference; fileEncoding = 4; lastKnownFileType = sourcecode.c.objc; path = EZAudioFile.m; sourceTree = "<group>"; };
		FAEB067C1B63843900A01D16 /* EZAudioFloatConverter.h */ = {isa = PBXFileReference; fileEncoding = 4; lastKnownFileType = sourcecode.c.h; path = EZAudioFloatConverter.h; sourceTree = "<group>"; };
		FAEB067D1B63843900A01D16 /* EZAudioFloatConverter.m */ = {isa = PBXFileReference; fileEncoding = 4; lastKnownFileType = sourcecode.c.objc; path = EZAudioFloatConverter.m; sourceTree = "<group>"; };
		FAEB067E1B63843900A01D16 /* EZAudioFloatData.h */ = {isa = PBXFileReference; fileEncoding = 4; lastKnownFileType = sourcecode.c.h; path = EZAudioFloatData.h; sourceTree = "<group>"; };
		FAEB067F1B63843900A01D16 /* EZAudioFloatData.m */ = {isa = PBXFileReference; fileEncoding = 4; lastKnownFileType = sourcecode.c.objc; path = EZAudioFloatData.m; sourceTree = "<group>"; };
		FAEB06801B63843900A01D16 /* EZAudioPlayer.h */ = {isa = PBXFileReference; fileEncoding = 4; lastKnownFileType = sourcecode.c.h; path = EZAudioPlayer.h; sourceTree = "<group>"; };
		FAEB06811B63843900A01D16 /* EZAudioPlayer.m */ = {isa = PBXFileReference; fileEncoding = 4; lastKnownFileType = sourcecode.c.objc; path = EZAudioPlayer.m; sourceTree = "<group>"; };
		FAEB06821B63843900A01D16 /* EZAudioPlot.h */ = {isa = PBXFileReference; fileEncoding = 4; lastKnownFileType = sourcecode.c.h; path = EZAudioPlot.h; sourceTree = "<group>"; };
		FAEB06831B63843900A01D16 /* EZAudioPlot.m */ = {isa = PBXFileReference; fileEncoding = 4; lastKnownFileType = sourcecode.c.objc; path = EZAudioPlot.m; sourceTree = "<group>"; };
		FAEB06841B63843900A01D16 /* EZAudioPlotGL.h */ = {isa = PBXFileReference; fileEncoding = 4; lastKnownFileType = sourcecode.c.h; path = EZAudioPlotGL.h; sourceTree = "<group>"; };
		FAEB06851B63843900A01D16 /* EZAudioPlotGL.m */ = {isa = PBXFileReference; fileEncoding = 4; lastKnownFileType = sourcecode.c.objc; path = EZAudioPlotGL.m; sourceTree = "<group>"; };
		FAEB06861B63843900A01D16 /* EZAudioUtilities.h */ = {isa = PBXFileReference; fileEncoding = 4; lastKnownFileType = sourcecode.c.h; path = EZAudioUtilities.h; sourceTree = "<group>"; };
		FAEB06871B63843900A01D16 /* EZAudioUtilities.m */ = {isa = PBXFileReference; fileEncoding = 4; lastKnownFileType = sourcecode.c.objc; path = EZAudioUtilities.m; sourceTree = "<group>"; };
		FAEB06881B63843900A01D16 /* EZMicrophone.h */ = {isa = PBXFileReference; fileEncoding = 4; lastKnownFileType = sourcecode.c.h; path = EZMicrophone.h; sourceTree = "<group>"; };
		FAEB06891B63843900A01D16 /* EZMicrophone.m */ = {isa = PBXFileReference; fileEncoding = 4; lastKnownFileType = sourcecode.c.objc; path = EZMicrophone.m; sourceTree = "<group>"; };
		FAEB068A1B63843900A01D16 /* EZOutput.h */ = {isa = PBXFileReference; fileEncoding = 4; lastKnownFileType = sourcecode.c.h; path = EZOutput.h; sourceTree = "<group>"; };
		FAEB068B1B63843900A01D16 /* EZOutput.m */ = {isa = PBXFileReference; fileEncoding = 4; lastKnownFileType = sourcecode.c.objc; path = EZOutput.m; sourceTree = "<group>"; };
		FAEB068C1B63843900A01D16 /* EZPlot.h */ = {isa = PBXFileReference; fileEncoding = 4; lastKnownFileType = sourcecode.c.h; path = EZPlot.h; sourceTree = "<group>"; };
		FAEB068D1B63843900A01D16 /* EZPlot.m */ = {isa = PBXFileReference; fileEncoding = 4; lastKnownFileType = sourcecode.c.objc; path = EZPlot.m; sourceTree = "<group>"; };
		FAEB068E1B63843900A01D16 /* EZRecorder.h */ = {isa = PBXFileReference; fileEncoding = 4; lastKnownFileType = sourcecode.c.h; path = EZRecorder.h; sourceTree = "<group>"; };
		FAEB068F1B63843900A01D16 /* EZRecorder.m */ = {isa = PBXFileReference; fileEncoding = 4; lastKnownFileType = sourcecode.c.objc; path = EZRecorder.m; sourceTree = "<group>"; };
		FAEB06901B63843900A01D16 /* TPCircularBuffer.c */ = {isa = PBXFileReference; fileEncoding = 4; lastKnownFileType = sourcecode.c.c; path = TPCircularBuffer.c; sourceTree = "<group>"; };
		FAEB06911B63843900A01D16 /* TPCircularBuffer.h */ = {isa = PBXFileReference; fileEncoding = 4; lastKnownFileType = sourcecode.c.h; path = TPCircularBuffer.h; sourceTree = "<group>"; };
		FAEB06931B63843900A01D16 /* CHANGELOG */ = {isa = PBXFileReference; fileEncoding = 4; lastKnownFileType = text; path = CHANGELOG; sourceTree = "<group>"; };
		FAEB06941B63843900A01D16 /* VERSION */ = {isa = PBXFileReference; fileEncoding = 4; lastKnownFileType = text; path = VERSION; sourceTree = "<group>"; };
		FAEB06A81B63845E00A01D16 /* config_types.h */ = {isa = PBXFileReference; fileEncoding = 4; lastKnownFileType = sourcecode.c.h; path = config_types.h; sourceTree = "<group>"; };
		FAEB06A91B63845E00A01D16 /* libogg.a */ = {isa = PBXFileReference; lastKnownFileType = archive.ar; path = libogg.a; sourceTree = "<group>"; };
		FAEB06AA1B63845E00A01D16 /* ogg.h */ = {isa = PBXFileReference; fileEncoding = 4; lastKnownFileType = sourcecode.c.h; path = ogg.h; sourceTree = "<group>"; };
		FAEB06AB1B63845E00A01D16 /* os_types.h */ = {isa = PBXFileReference; fileEncoding = 4; lastKnownFileType = sourcecode.c.h; path = os_types.h; sourceTree = "<group>"; };
		FAEB06AD1B63845E00A01D16 /* libopus.a */ = {isa = PBXFileReference; lastKnownFileType = archive.ar; path = libopus.a; sourceTree = "<group>"; };
		FAEB06AE1B63845E00A01D16 /* opus.h */ = {isa = PBXFileReference; fileEncoding = 4; lastKnownFileType = sourcecode.c.h; path = opus.h; sourceTree = "<group>"; };
		FAEB06AF1B63845E00A01D16 /* opus_defines.h */ = {isa = PBXFileReference; fileEncoding = 4; lastKnownFileType = sourcecode.c.h; path = opus_defines.h; sourceTree = "<group>"; };
		FAEB06B01B63845E00A01D16 /* opus_multistream.h */ = {isa = PBXFileReference; fileEncoding = 4; lastKnownFileType = sourcecode.c.h; path = opus_multistream.h; sourceTree = "<group>"; };
		FAEB06B11B63845E00A01D16 /* opus_types.h */ = {isa = PBXFileReference; fileEncoding = 4; lastKnownFileType = sourcecode.c.h; path = opus_types.h; sourceTree = "<group>"; };
		FAEB06B31B63845E00A01D16 /* CSIDataQueue.c */ = {isa = PBXFileReference; fileEncoding = 4; lastKnownFileType = sourcecode.c.c; path = CSIDataQueue.c; sourceTree = "<group>"; };
		FAEB06B41B63845E00A01D16 /* CSIDataQueue.h */ = {isa = PBXFileReference; fileEncoding = 4; lastKnownFileType = sourcecode.c.h; path = CSIDataQueue.h; sourceTree = "<group>"; };
		FAEB06B51B63845E00A01D16 /* CSIOpusEncoder.h */ = {isa = PBXFileReference; fileEncoding = 4; lastKnownFileType = sourcecode.c.h; path = CSIOpusEncoder.h; sourceTree = "<group>"; };
		FAEB06B61B63845E00A01D16 /* CSIOpusEncoder.m */ = {isa = PBXFileReference; fileEncoding = 4; lastKnownFileType = sourcecode.c.objc; path = CSIOpusEncoder.m; sourceTree = "<group>"; };
		FAEB06BC1B6384A100A01D16 /* OKCodec.h */ = {isa = PBXFileReference; fileEncoding = 4; lastKnownFileType = sourcecode.c.h; path = OKCodec.h; sourceTree = "<group>"; };
		FAEB06BD1B6384A100A01D16 /* OKCodec.m */ = {isa = PBXFileReference; fileEncoding = 4; lastKnownFileType = sourcecode.c.objc; path = OKCodec.m; sourceTree = "<group>"; };
		FAEB06BE1B6384A100A01D16 /* OKDecoder.h */ = {isa = PBXFileReference; fileEncoding = 4; lastKnownFileType = sourcecode.c.h; path = OKDecoder.h; sourceTree = "<group>"; };
		FAEB06BF1B6384A100A01D16 /* OKDecoder.m */ = {isa = PBXFileReference; fileEncoding = 4; lastKnownFileType = sourcecode.c.objc; path = OKDecoder.m; sourceTree = "<group>"; };
		FAEB06C01B6384A100A01D16 /* OKEncoder.h */ = {isa = PBXFileReference; fileEncoding = 4; lastKnownFileType = sourcecode.c.h; path = OKEncoder.h; sourceTree = "<group>"; };
		FAEB06C11B6384A100A01D16 /* OKEncoder.m */ = {isa = PBXFileReference; fileEncoding = 4; lastKnownFileType = sourcecode.c.objc; path = OKEncoder.m; sourceTree = "<group>"; };
		FAEB06C21B6384A100A01D16 /* OKPacket.h */ = {isa = PBXFileReference; fileEncoding = 4; lastKnownFileType = sourcecode.c.h; path = OKPacket.h; sourceTree = "<group>"; };
		FAEB06C31B6384A100A01D16 /* OKPacket.m */ = {isa = PBXFileReference; fileEncoding = 4; lastKnownFileType = sourcecode.c.objc; path = OKPacket.m; sourceTree = "<group>"; };
		FAEB06C41B6384A100A01D16 /* OKUtilities.h */ = {isa = PBXFileReference; fileEncoding = 4; lastKnownFileType = sourcecode.c.h; path = OKUtilities.h; sourceTree = "<group>"; };
		FAEB06C51B6384A100A01D16 /* OKUtilities.m */ = {isa = PBXFileReference; fileEncoding = 4; lastKnownFileType = sourcecode.c.objc; path = OKUtilities.m; sourceTree = "<group>"; };
		FAEB06C61B6384A100A01D16 /* OpusKit.h */ = {isa = PBXFileReference; fileEncoding = 4; lastKnownFileType = sourcecode.c.h; path = OpusKit.h; sourceTree = "<group>"; };
		FAEB06C71B6384A100A01D16 /* OpusKit.m */ = {isa = PBXFileReference; fileEncoding = 4; lastKnownFileType = sourcecode.c.objc; path = OpusKit.m; sourceTree = "<group>"; };
		FAEB06CE1B6385E600A01D16 /* CMBAudioController.h */ = {isa = PBXFileReference; fileEncoding = 4; lastKnownFileType = sourcecode.c.h; path = CMBAudioController.h; sourceTree = "<group>"; };
		FAEB06CF1B6385E600A01D16 /* CMBAudioController.m */ = {isa = PBXFileReference; fileEncoding = 4; lastKnownFileType = sourcecode.c.objc; path = CMBAudioController.m; sourceTree = "<group>"; };
		FAEB06D11B63872000A01D16 /* TPCircularBuffer+AudioBufferList.c */ = {isa = PBXFileReference; fileEncoding = 4; lastKnownFileType = sourcecode.c.c; name = "TPCircularBuffer+AudioBufferList.c"; path = "../../TPCircularBuffer-master/TPCircularBuffer+AudioBufferList.c"; sourceTree = "<group>"; };
		FAEB06D21B63872000A01D16 /* TPCircularBuffer+AudioBufferList.h */ = {isa = PBXFileReference; fileEncoding = 4; lastKnownFileType = sourcecode.c.h; name = "TPCircularBuffer+AudioBufferList.h"; path = "../../TPCircularBuffer-master/TPCircularBuffer+AudioBufferList.h"; sourceTree = "<group>"; };
/* End PBXFileReference section */

/* Begin PBXFrameworksBuildPhase section */
		FAEB06451B63840800A01D16 /* Frameworks */ = {
			isa = PBXFrameworksBuildPhase;
			buildActionMask = 2147483647;
			files = (
				FAEB06B81B63845E00A01D16 /* libopus.a in Frameworks */,
				FAEB06B71B63845E00A01D16 /* libogg.a in Frameworks */,
			);
			runOnlyForDeploymentPostprocessing = 0;
		};
		FAEB065E1B63840800A01D16 /* Frameworks */ = {
			isa = PBXFrameworksBuildPhase;
			buildActionMask = 2147483647;
			files = (
			);
			runOnlyForDeploymentPostprocessing = 0;
		};
/* End PBXFrameworksBuildPhase section */

/* Begin PBXGroup section */
		FAEB063F1B63840800A01D16 = {
			isa = PBXGroup;
			children = (
				FAEB064A1B63840800A01D16 /* OpusEncodingObjC */,
				FAEB06641B63840800A01D16 /* OpusEncodingObjCTests */,
				FAEB06491B63840800A01D16 /* Products */,
			);
			sourceTree = "<group>";
		};
		FAEB06491B63840800A01D16 /* Products */ = {
			isa = PBXGroup;
			children = (
				FAEB06481B63840800A01D16 /* OpusEncodingObjC.app */,
				FAEB06611B63840800A01D16 /* OpusEncodingObjCTests.xctest */,
			);
			name = Products;
			sourceTree = "<group>";
		};
		FAEB064A1B63840800A01D16 /* OpusEncodingObjC */ = {
			isa = PBXGroup;
			children = (
				FAEB064F1B63840800A01D16 /* AppDelegate.h */,
				FAEB06501B63840800A01D16 /* AppDelegate.m */,
				FA5257281B6A5CD400EAC3AB /* InitialViewController.h */,
				FA5257291B6A5CD400EAC3AB /* InitialViewController.m */,
				FA5257251B6A5CBC00EAC3AB /* NewViewController.h */,
				FA5257261B6A5CBC00EAC3AB /* NewViewController.m */,
				FAB561D31B72E7FD002162F6 /* RecordingViewController.h */,
				FAB561D41B72E7FD002162F6 /* RecordingViewController.m */,
				FAEB06521B63840800A01D16 /* ViewController.h */,
				FAEB06531B63840800A01D16 /* ViewController.m */,
				FAEB06CE1B6385E600A01D16 /* CMBAudioController.h */,
				FAEB06CF1B6385E600A01D16 /* CMBAudioController.m */,
				FAEB06711B63843900A01D16 /* EZAudio */,
				FAEB06A71B63845E00A01D16 /* Ogg */,
				FAEB06AC1B63845E00A01D16 /* Opus */,
				FAEB06B21B63845E00A01D16 /* Opus Encoder */,
				FAEB06BB1B6384A100A01D16 /* OpusKit */,
				FAEB06551B63840800A01D16 /* Main.storyboard */,
				FAEB06581B63840800A01D16 /* Images.xcassets */,
				FAEB065A1B63840800A01D16 /* LaunchScreen.xib */,
				FAEB064B1B63840800A01D16 /* Supporting Files */,
			);
			path = OpusEncodingObjC;
			sourceTree = "<group>";
		};
		FAEB064B1B63840800A01D16 /* Supporting Files */ = {
			isa = PBXGroup;
			children = (
				FAEB064C1B63840800A01D16 /* Info.plist */,
				FAEB064D1B63840800A01D16 /* main.m */,
			);
			name = "Supporting Files";
			sourceTree = "<group>";
		};
		FAEB06641B63840800A01D16 /* OpusEncodingObjCTests */ = {
			isa = PBXGroup;
			children = (
				FAEB06671B63840800A01D16 /* OpusEncodingObjCTests.m */,
				FAEB06651B63840800A01D16 /* Supporting Files */,
			);
			path = OpusEncodingObjCTests;
			sourceTree = "<group>";
		};
		FAEB06651B63840800A01D16 /* Supporting Files */ = {
			isa = PBXGroup;
			children = (
				FAEB06661B63840800A01D16 /* Info.plist */,
			);
			name = "Supporting Files";
			sourceTree = "<group>";
		};
		FAEB06711B63843900A01D16 /* EZAudio */ = {
			isa = PBXGroup;
			children = (
				FAEB06721B63843900A01D16 /* EZAudio.h */,
				FAEB06731B63843900A01D16 /* EZAudio.m */,
				FAEB06741B63843900A01D16 /* EZAudioDevice.h */,
				FAEB06751B63843900A01D16 /* EZAudioDevice.m */,
				FAEB06761B63843900A01D16 /* EZAudioDisplayLink.h */,
				FAEB06771B63843900A01D16 /* EZAudioDisplayLink.m */,
				FAEB06781B63843900A01D16 /* EZAudioFFT.h */,
				FAEB06791B63843900A01D16 /* EZAudioFFT.m */,
				FAEB067A1B63843900A01D16 /* EZAudioFile.h */,
				FAEB067B1B63843900A01D16 /* EZAudioFile.m */,
				FAEB067C1B63843900A01D16 /* EZAudioFloatConverter.h */,
				FAEB067D1B63843900A01D16 /* EZAudioFloatConverter.m */,
				FAEB067E1B63843900A01D16 /* EZAudioFloatData.h */,
				FAEB067F1B63843900A01D16 /* EZAudioFloatData.m */,
				FAEB06801B63843900A01D16 /* EZAudioPlayer.h */,
				FAEB06811B63843900A01D16 /* EZAudioPlayer.m */,
				FAEB06821B63843900A01D16 /* EZAudioPlot.h */,
				FAEB06831B63843900A01D16 /* EZAudioPlot.m */,
				FAEB06841B63843900A01D16 /* EZAudioPlotGL.h */,
				FAEB06851B63843900A01D16 /* EZAudioPlotGL.m */,
				FAEB06861B63843900A01D16 /* EZAudioUtilities.h */,
				FAEB06871B63843900A01D16 /* EZAudioUtilities.m */,
				FAEB06881B63843900A01D16 /* EZMicrophone.h */,
				FAEB06891B63843900A01D16 /* EZMicrophone.m */,
				FAEB068A1B63843900A01D16 /* EZOutput.h */,
				FAEB068B1B63843900A01D16 /* EZOutput.m */,
				FAEB068C1B63843900A01D16 /* EZPlot.h */,
				FAEB068D1B63843900A01D16 /* EZPlot.m */,
				FAEB068E1B63843900A01D16 /* EZRecorder.h */,
				FAEB068F1B63843900A01D16 /* EZRecorder.m */,
				FAEB06901B63843900A01D16 /* TPCircularBuffer.c */,
				FAEB06911B63843900A01D16 /* TPCircularBuffer.h */,
				FAEB06D11B63872000A01D16 /* TPCircularBuffer+AudioBufferList.c */,
				FAEB06D21B63872000A01D16 /* TPCircularBuffer+AudioBufferList.h */,
				FAEB06921B63843900A01D16 /* VERSION */,
			);
			name = EZAudio;
			path = "../../../../../../Downloads/EZAudio-master/EZAudio";
			sourceTree = "<group>";
		};
		FAEB06921B63843900A01D16 /* VERSION */ = {
			isa = PBXGroup;
			children = (
				FAEB06931B63843900A01D16 /* CHANGELOG */,
				FAEB06941B63843900A01D16 /* VERSION */,
			);
			path = VERSION;
			sourceTree = "<group>";
		};
		FAEB06A71B63845E00A01D16 /* Ogg */ = {
			isa = PBXGroup;
			children = (
				FAEB06A81B63845E00A01D16 /* config_types.h */,
				FAEB06A91B63845E00A01D16 /* libogg.a */,
				FAEB06AA1B63845E00A01D16 /* ogg.h */,
				FAEB06AB1B63845E00A01D16 /* os_types.h */,
			);
			name = Ogg;
			path = ../../../../../../Documents/Developer/Ogg;
			sourceTree = "<group>";
		};
		FAEB06AC1B63845E00A01D16 /* Opus */ = {
			isa = PBXGroup;
			children = (
				FAEB06AD1B63845E00A01D16 /* libopus.a */,
				FAEB06AE1B63845E00A01D16 /* opus.h */,
				FAEB06AF1B63845E00A01D16 /* opus_defines.h */,
				FAEB06B01B63845E00A01D16 /* opus_multistream.h */,
				FAEB06B11B63845E00A01D16 /* opus_types.h */,
			);
			name = Opus;
			path = ../../../../../../Documents/Developer/Opus;
			sourceTree = "<group>";
		};
		FAEB06B21B63845E00A01D16 /* Opus Encoder */ = {
			isa = PBXGroup;
			children = (
				FAEB06B31B63845E00A01D16 /* CSIDataQueue.c */,
				FAEB06B41B63845E00A01D16 /* CSIDataQueue.h */,
				FAEB06B51B63845E00A01D16 /* CSIOpusEncoder.h */,
				FAEB06B61B63845E00A01D16 /* CSIOpusEncoder.m */,
			);
			name = "Opus Encoder";
			path = "../../../../../../Documents/Developer/Opus Encoder";
			sourceTree = "<group>";
		};
		FAEB06BB1B6384A100A01D16 /* OpusKit */ = {
			isa = PBXGroup;
			children = (
				FAEB06BC1B6384A100A01D16 /* OKCodec.h */,
				FAEB06BD1B6384A100A01D16 /* OKCodec.m */,
				FAEB06BE1B6384A100A01D16 /* OKDecoder.h */,
				FAEB06BF1B6384A100A01D16 /* OKDecoder.m */,
				FAEB06C01B6384A100A01D16 /* OKEncoder.h */,
				FAEB06C11B6384A100A01D16 /* OKEncoder.m */,
				FAEB06C21B6384A100A01D16 /* OKPacket.h */,
				FAEB06C31B6384A100A01D16 /* OKPacket.m */,
				FAEB06C41B6384A100A01D16 /* OKUtilities.h */,
				FAEB06C51B6384A100A01D16 /* OKUtilities.m */,
				FAEB06C61B6384A100A01D16 /* OpusKit.h */,
				FAEB06C71B6384A100A01D16 /* OpusKit.m */,
			);
			name = OpusKit;
			path = "../../../../../../Downloads/OpusKit-master/OpusKit";
			sourceTree = "<group>";
		};
/* End PBXGroup section */

/* Begin PBXNativeTarget section */
		FAEB06471B63840800A01D16 /* OpusEncodingObjC */ = {
			isa = PBXNativeTarget;
			buildConfigurationList = FAEB066B1B63840800A01D16 /* Build configuration list for PBXNativeTarget "OpusEncodingObjC" */;
			buildPhases = (
				FAEB06441B63840800A01D16 /* Sources */,
				FAEB06451B63840800A01D16 /* Frameworks */,
				FAEB06461B63840800A01D16 /* Resources */,
			);
			buildRules = (
			);
			dependencies = (
			);
			name = OpusEncodingObjC;
			productName = OpusEncodingObjC;
			productReference = FAEB06481B63840800A01D16 /* OpusEncodingObjC.app */;
			productType = "com.apple.product-type.application";
		};
		FAEB06601B63840800A01D16 /* OpusEncodingObjCTests */ = {
			isa = PBXNativeTarget;
			buildConfigurationList = FAEB066E1B63840800A01D16 /* Build configuration list for PBXNativeTarget "OpusEncodingObjCTests" */;
			buildPhases = (
				FAEB065D1B63840800A01D16 /* Sources */,
				FAEB065E1B63840800A01D16 /* Frameworks */,
				FAEB065F1B63840800A01D16 /* Resources */,
			);
			buildRules = (
			);
			dependencies = (
				FAEB06631B63840800A01D16 /* PBXTargetDependency */,
			);
			name = OpusEncodingObjCTests;
			productName = OpusEncodingObjCTests;
			productReference = FAEB06611B63840800A01D16 /* OpusEncodingObjCTests.xctest */;
			productType = "com.apple.product-type.bundle.unit-test";
		};
/* End PBXNativeTarget section */

/* Begin PBXProject section */
		FAEB06401B63840800A01D16 /* Project object */ = {
			isa = PBXProject;
			attributes = {
				LastUpgradeCheck = 0640;
				ORGANIZATIONNAME = "Zel Marko";
				TargetAttributes = {
					FAEB06471B63840800A01D16 = {
						CreatedOnToolsVersion = 6.4;
					};
					FAEB06601B63840800A01D16 = {
						CreatedOnToolsVersion = 6.4;
						TestTargetID = FAEB06471B63840800A01D16;
					};
				};
			};
			buildConfigurationList = FAEB06431B63840800A01D16 /* Build configuration list for PBXProject "OpusEncodingObjC" */;
			compatibilityVersion = "Xcode 3.2";
			developmentRegion = English;
			hasScannedForEncodings = 0;
			knownRegions = (
				en,
				Base,
			);
			mainGroup = FAEB063F1B63840800A01D16;
			productRefGroup = FAEB06491B63840800A01D16 /* Products */;
			projectDirPath = "";
			projectRoot = "";
			targets = (
				FAEB06471B63840800A01D16 /* OpusEncodingObjC */,
				FAEB06601B63840800A01D16 /* OpusEncodingObjCTests */,
			);
		};
/* End PBXProject section */

/* Begin PBXResourcesBuildPhase section */
		FAEB06461B63840800A01D16 /* Resources */ = {
			isa = PBXResourcesBuildPhase;
			buildActionMask = 2147483647;
			files = (
				FAEB06571B63840800A01D16 /* Main.storyboard in Resources */,
				FAEB06A51B63843900A01D16 /* CHANGELOG in Resources */,
				FAEB065C1B63840800A01D16 /* LaunchScreen.xib in Resources */,
				FAEB06591B63840800A01D16 /* Images.xcassets in Resources */,
				FAEB06A61B63843900A01D16 /* VERSION in Resources */,
			);
			runOnlyForDeploymentPostprocessing = 0;
		};
		FAEB065F1B63840800A01D16 /* Resources */ = {
			isa = PBXResourcesBuildPhase;
			buildActionMask = 2147483647;
			files = (
			);
			runOnlyForDeploymentPostprocessing = 0;
		};
/* End PBXResourcesBuildPhase section */

/* Begin PBXSourcesBuildPhase section */
		FAEB06441B63840800A01D16 /* Sources */ = {
			isa = PBXSourcesBuildPhase;
			buildActionMask = 2147483647;
			files = (
				FAEB06A31B63843900A01D16 /* EZRecorder.m in Sources */,
				FAEB06BA1B63845E00A01D16 /* CSIOpusEncoder.m in Sources */,
				FAEB06CC1B6384A100A01D16 /* OKUtilities.m in Sources */,
				FAEB069D1B63843900A01D16 /* EZAudioPlot.m in Sources */,
				FAEB069C1B63843900A01D16 /* EZAudioPlayer.m in Sources */,
				FAEB06541B63840800A01D16 /* ViewController.m in Sources */,
				FAEB069E1B63843900A01D16 /* EZAudioPlotGL.m in Sources */,
				FAEB06991B63843900A01D16 /* EZAudioFile.m in Sources */,
				FAEB06C91B6384A100A01D16 /* OKDecoder.m in Sources */,
				FA52572A1B6A5CD400EAC3AB /* InitialViewController.m in Sources */,
				FAEB06A11B63843900A01D16 /* EZOutput.m in Sources */,
				FAEB06951B63843900A01D16 /* EZAudio.m in Sources */,
				FAEB06D01B6385E600A01D16 /* CMBAudioController.m in Sources */,
				FAEB06D31B63872000A01D16 /* TPCircularBuffer+AudioBufferList.c in Sources */,
				FAEB06A41B63843900A01D16 /* TPCircularBuffer.c in Sources */,
				FAEB06CB1B6384A100A01D16 /* OKPacket.m in Sources */,
				FAB561D51B72E7FD002162F6 /* RecordingViewController.m in Sources */,
				FAEB06B91B63845E00A01D16 /* CSIDataQueue.c in Sources */,
				FAEB06511B63840800A01D16 /* AppDelegate.m in Sources */,
				FAEB069B1B63843900A01D16 /* EZAudioFloatData.m in Sources */,
				FAEB06A01B63843900A01D16 /* EZMicrophone.m in Sources */,
				FAEB069A1B63843900A01D16 /* EZAudioFloatConverter.m in Sources */,
				FAEB06CA1B6384A100A01D16 /* OKEncoder.m in Sources */,
				FAEB064E1B63840800A01D16 /* main.m in Sources */,
				FAEB06C81B6384A100A01D16 /* OKCodec.m in Sources */,
				FAEB06971B63843900A01D16 /* EZAudioDisplayLink.m in Sources */,
				FAEB06A21B63843900A01D16 /* EZPlot.m in Sources */,
				FAEB06CD1B6384A100A01D16 /* OpusKit.m in Sources */,
				FAEB06981B63843900A01D16 /* EZAudioFFT.m in Sources */,
				FA5257271B6A5CBC00EAC3AB /* NewViewController.m in Sources */,
				FAEB069F1B63843900A01D16 /* EZAudioUtilities.m in Sources */,
				FAEB06961B63843900A01D16 /* EZAudioDevice.m in Sources */,
			);
			runOnlyForDeploymentPostprocessing = 0;
		};
		FAEB065D1B63840800A01D16 /* Sources */ = {
			isa = PBXSourcesBuildPhase;
			buildActionMask = 2147483647;
			files = (
				FAEB06681B63840800A01D16 /* OpusEncodingObjCTests.m in Sources */,
			);
			runOnlyForDeploymentPostprocessing = 0;
		};
/* End PBXSourcesBuildPhase section */

/* Begin PBXTargetDependency section */
		FAEB06631B63840800A01D16 /* PBXTargetDependency */ = {
			isa = PBXTargetDependency;
			target = FAEB06471B63840800A01D16 /* OpusEncodingObjC */;
			targetProxy = FAEB06621B63840800A01D16 /* PBXContainerItemProxy */;
		};
/* End PBXTargetDependency section */

/* Begin PBXVariantGroup section */
		FAEB06551B63840800A01D16 /* Main.storyboard */ = {
			isa = PBXVariantGroup;
			children = (
				FAEB06561B63840800A01D16 /* Base */,
			);
			name = Main.storyboard;
			sourceTree = "<group>";
		};
		FAEB065A1B63840800A01D16 /* LaunchScreen.xib */ = {
			isa = PBXVariantGroup;
			children = (
				FAEB065B1B63840800A01D16 /* Base */,
			);
			name = LaunchScreen.xib;
			sourceTree = "<group>";
		};
/* End PBXVariantGroup section */

/* Begin XCBuildConfiguration section */
		FAEB06691B63840800A01D16 /* Debug */ = {
			isa = XCBuildConfiguration;
			buildSettings = {
				ALWAYS_SEARCH_USER_PATHS = NO;
				CLANG_CXX_LANGUAGE_STANDARD = "gnu++0x";
				CLANG_CXX_LIBRARY = "libc++";
				CLANG_ENABLE_MODULES = YES;
				CLANG_ENABLE_OBJC_ARC = YES;
				CLANG_WARN_BOOL_CONVERSION = YES;
				CLANG_WARN_CONSTANT_CONVERSION = YES;
				CLANG_WARN_DIRECT_OBJC_ISA_USAGE = YES_ERROR;
				CLANG_WARN_EMPTY_BODY = YES;
				CLANG_WARN_ENUM_CONVERSION = YES;
				CLANG_WARN_INT_CONVERSION = YES;
				CLANG_WARN_OBJC_ROOT_CLASS = YES_ERROR;
				CLANG_WARN_UNREACHABLE_CODE = YES;
				CLANG_WARN__DUPLICATE_METHOD_MATCH = YES;
				"CODE_SIGN_IDENTITY[sdk=iphoneos*]" = "iPhone Developer";
				COPY_PHASE_STRIP = NO;
				DEBUG_INFORMATION_FORMAT = "dwarf-with-dsym";
				ENABLE_STRICT_OBJC_MSGSEND = YES;
				GCC_C_LANGUAGE_STANDARD = gnu99;
				GCC_DYNAMIC_NO_PIC = NO;
				GCC_NO_COMMON_BLOCKS = YES;
				GCC_OPTIMIZATION_LEVEL = 0;
				GCC_PREPROCESSOR_DEFINITIONS = (
					"DEBUG=1",
					"$(inherited)",
				);
				GCC_SYMBOLS_PRIVATE_EXTERN = NO;
				GCC_WARN_64_TO_32_BIT_CONVERSION = YES;
				GCC_WARN_ABOUT_RETURN_TYPE = YES_ERROR;
				GCC_WARN_UNDECLARED_SELECTOR = YES;
				GCC_WARN_UNINITIALIZED_AUTOS = YES_AGGRESSIVE;
				GCC_WARN_UNUSED_FUNCTION = YES;
				GCC_WARN_UNUSED_VARIABLE = YES;
				IPHONEOS_DEPLOYMENT_TARGET = 8.4;
				MTL_ENABLE_DEBUG_INFO = YES;
				ONLY_ACTIVE_ARCH = YES;
				SDKROOT = iphoneos;
			};
			name = Debug;
		};
		FAEB066A1B63840800A01D16 /* Release */ = {
			isa = XCBuildConfiguration;
			buildSettings = {
				ALWAYS_SEARCH_USER_PATHS = NO;
				CLANG_CXX_LANGUAGE_STANDARD = "gnu++0x";
				CLANG_CXX_LIBRARY = "libc++";
				CLANG_ENABLE_MODULES = YES;
				CLANG_ENABLE_OBJC_ARC = YES;
				CLANG_WARN_BOOL_CONVERSION = YES;
				CLANG_WARN_CONSTANT_CONVERSION = YES;
				CLANG_WARN_DIRECT_OBJC_ISA_USAGE = YES_ERROR;
				CLANG_WARN_EMPTY_BODY = YES;
				CLANG_WARN_ENUM_CONVERSION = YES;
				CLANG_WARN_INT_CONVERSION = YES;
				CLANG_WARN_OBJC_ROOT_CLASS = YES_ERROR;
				CLANG_WARN_UNREACHABLE_CODE = YES;
				CLANG_WARN__DUPLICATE_METHOD_MATCH = YES;
				"CODE_SIGN_IDENTITY[sdk=iphoneos*]" = "iPhone Developer";
				COPY_PHASE_STRIP = NO;
				DEBUG_INFORMATION_FORMAT = "dwarf-with-dsym";
				ENABLE_NS_ASSERTIONS = NO;
				ENABLE_STRICT_OBJC_MSGSEND = YES;
				GCC_C_LANGUAGE_STANDARD = gnu99;
				GCC_NO_COMMON_BLOCKS = YES;
				GCC_WARN_64_TO_32_BIT_CONVERSION = YES;
				GCC_WARN_ABOUT_RETURN_TYPE = YES_ERROR;
				GCC_WARN_UNDECLARED_SELECTOR = YES;
				GCC_WARN_UNINITIALIZED_AUTOS = YES_AGGRESSIVE;
				GCC_WARN_UNUSED_FUNCTION = YES;
				GCC_WARN_UNUSED_VARIABLE = YES;
				IPHONEOS_DEPLOYMENT_TARGET = 8.4;
				MTL_ENABLE_DEBUG_INFO = NO;
				SDKROOT = iphoneos;
				VALIDATE_PRODUCT = YES;
			};
			name = Release;
		};
		FAEB066C1B63840800A01D16 /* Debug */ = {
			isa = XCBuildConfiguration;
			buildSettings = {
				ASSETCATALOG_COMPILER_APPICON_NAME = AppIcon;
				INFOPLIST_FILE = OpusEncodingObjC/Info.plist;
				LD_RUNPATH_SEARCH_PATHS = "$(inherited) @executable_path/Frameworks";
				LIBRARY_SEARCH_PATHS = (
					"$(inherited)",
					/Users/Devxhkl/Documents/Developer/Ogg,
					/Users/Devxhkl/Documents/Developer/Opus,
				);
				PRODUCT_NAME = "$(TARGET_NAME)";
			};
			name = Debug;
		};
		FAEB066D1B63840800A01D16 /* Release */ = {
			isa = XCBuildConfiguration;
			buildSettings = {
				ASSETCATALOG_COMPILER_APPICON_NAME = AppIcon;
				INFOPLIST_FILE = OpusEncodingObjC/Info.plist;
				LD_RUNPATH_SEARCH_PATHS = "$(inherited) @executable_path/Frameworks";
				LIBRARY_SEARCH_PATHS = (
					"$(inherited)",
					/Users/Devxhkl/Documents/Developer/Ogg,
					/Users/Devxhkl/Documents/Developer/Opus,
				);
				PRODUCT_NAME = "$(TARGET_NAME)";
			};
			name = Release;
		};
		FAEB066F1B63840800A01D16 /* Debug */ = {
			isa = XCBuildConfiguration;
			buildSettings = {
				BUNDLE_LOADER = "$(TEST_HOST)";
				FRAMEWORK_SEARCH_PATHS = (
					"$(SDKROOT)/Developer/Library/Frameworks",
					"$(inherited)",
				);
				GCC_PREPROCESSOR_DEFINITIONS = (
					"DEBUG=1",
					"$(inherited)",
				);
				INFOPLIST_FILE = OpusEncodingObjCTests/Info.plist;
				LD_RUNPATH_SEARCH_PATHS = "$(inherited) @executable_path/Frameworks @loader_path/Frameworks";
				PRODUCT_NAME = "$(TARGET_NAME)";
				TEST_HOST = "$(BUILT_PRODUCTS_DIR)/OpusEncodingObjC.app/OpusEncodingObjC";
			};
			name = Debug;
		};
		FAEB06701B63840800A01D16 /* Release */ = {
			isa = XCBuildConfiguration;
			buildSettings = {
				BUNDLE_LOADER = "$(TEST_HOST)";
				FRAMEWORK_SEARCH_PATHS = (
					"$(SDKROOT)/Developer/Library/Frameworks",
					"$(inherited)",
				);
				INFOPLIST_FILE = OpusEncodingObjCTests/Info.plist;
				LD_RUNPATH_SEARCH_PATHS = "$(inherited) @executable_path/Frameworks @loader_path/Frameworks";
				PRODUCT_NAME = "$(TARGET_NAME)";
				TEST_HOST = "$(BUILT_PRODUCTS_DIR)/OpusEncodingObjC.app/OpusEncodingObjC";
			};
			name = Release;
		};
/* End XCBuildConfiguration section */

/* Begin XCConfigurationList section */
		FAEB06431B63840800A01D16 /* Build configuration list for PBXProject "OpusEncodingObjC" */ = {
			isa = XCConfigurationList;
			buildConfigurations = (
				FAEB06691B63840800A01D16 /* Debug */,
				FAEB066A1B63840800A01D16 /* Release */,
			);
			defaultConfigurationIsVisible = 0;
			defaultConfigurationName = Release;
		};
		FAEB066B1B63840800A01D16 /* Build configuration list for PBXNativeTarget "OpusEncodingObjC" */ = {
			isa = XCConfigurationList;
			buildConfigurations = (
				FAEB066C1B63840800A01D16 /* Debug */,
				FAEB066D1B63840800A01D16 /* Release */,
			);
			defaultConfigurationIsVisible = 0;
			defaultConfigurationName = Release;
		};
		FAEB066E1B63840800A01D16 /* Build configuration list for PBXNativeTarget "OpusEncodingObjCTests" */ = {
			isa = XCConfigurationList;
			buildConfigurations = (
				FAEB066F1B63840800A01D16 /* Debug */,
				FAEB06701B63840800A01D16 /* Release */,
			);
			defaultConfigurationIsVisible = 0;
			defaultConfigurationName = Release;
		};
/* End XCConfigurationList section */
	};
	rootObject = FAEB06401B63840800A01D16 /* Project object */;
}
