// !$*UTF8*$!
{
	archiveVersion = 1;
	classes = {
	};
	objectVersion = 46;
	objects = {

/* Begin PBXBuildFile section */
		FAEB064E1B63840800A01D16 /* main.m in Sources */ = {isa = PBXBuildFile; fileRef = FAEB064D1B63840800A01D16 /* main.m */; };
		FAEB06511B63840800A01D16 /* AppDelegate.m in Sources */ = {isa = PBXBuildFile; fileRef = FAEB06501B63840800A01D16 /* AppDelegate.m */; };
		FAEB06541B63840800A01D16 /* ViewController.m in Sources */ = {isa = PBXBuildFile; fileRef = FAEB06531B63840800A01D16 /* ViewController.m */; };
		FAEB06571B63840800A01D16 /* Main.storyboard in Resources */ = {isa = PBXBuildFile; fileRef = FAEB06551B63840800A01D16 /* Main.storyboard */; };
		FAEB06591B63840800A01D16 /* Images.xcassets in Resources */ = {isa = PBXBuildFile; fileRef = FAEB06581B63840800A01D16 /* Images.xcassets */; };
		FAEB065C1B63840800A01D16 /* LaunchScreen.xib in Resources */ = {isa = PBXBuildFile; fileRef = FAEB065A1B63840800A01D16 /* LaunchScreen.xib */; };
		FAEB06681B63840800A01D16 /* OpusEncodingObjCTests.m in Sources */ = {isa = PBXBuildFile; fileRef = FAEB06671B63840800A01D16 /* OpusEncodingObjCTests.m */; };
/* End PBXBuildFile section */

/* Begin PBXContainerItemProxy section */
		FAEB06621B63840800A01D16 /* PBXContainerItemProxy */ = {
			isa = PBXContainerItemProxy;
			containerPortal = FAEB06401B63840800A01D16 /* Project object */;
			proxyType = 1;
			remoteGlobalIDString = FAEB06471B63840800A01D16;
			remoteInfo = OpusEncodingObjC;
		};
/* End PBXContainerItemProxy section */

/* Begin PBXFileReference section */
		FAEB06481B63840800A01D16 /* OpusEncodingObjC.app */ = {isa = PBXFileReference; explicitFileType = wrapper.application; includeInIndex = 0; path = OpusEncodingObjC.app; sourceTree = BUILT_PRODUCTS_DIR; };
		FAEB064C1B63840800A01D16 /* Info.plist */ = {isa = PBXFileReference; lastKnownFileType = text.plist.xml; path = Info.plist; sourceTree = "<group>"; };
		FAEB064D1B63840800A01D16 /* main.m */ = {isa = PBXFileReference; lastKnownFileType = sourcecode.c.objc; path = main.m; sourceTree = "<group>"; };
		FAEB064F1B63840800A01D16 /* AppDelegate.h */ = {isa = PBXFileReference; lastKnownFileType = sourcecode.c.h; path = AppDelegate.h; sourceTree = "<group>"; };
		FAEB06501B63840800A01D16 /* AppDelegate.m */ = {isa = PBXFileReference; lastKnownFileType = sourcecode.c.objc; path = AppDelegate.m; sourceTree = "<group>"; };
		FAEB06521B63840800A01D16 /* ViewController.h */ = {isa = PBXFileReference; lastKnownFileType = sourcecode.c.h; path = ViewController.h; sourceTree = "<group>"; };
		FAEB06531B63840800A01D16 /* ViewController.m */ = {isa = PBXFileReference; lastKnownFileType = sourcecode.c.objc; path = ViewController.m; sourceTree = "<group>"; };
		FAEB06561B63840800A01D16 /* Base */ = {isa = PBXFileReference; lastKnownFileType = file.storyboard; name = Base; path = Base.lproj/Main.storyboard; sourceTree = "<group>"; };
		FAEB06581B63840800A01D16 /* Images.xcassets */ = {isa = PBXFileReference; lastKnownFileType = folder.assetcatalog; path = Images.xcassets; sourceTree = "<group>"; };
		FAEB065B1B63840800A01D16 /* Base */ = {isa = PBXFileReference; lastKnownFileType = file.xib; name = Base; path = Base.lproj/LaunchScreen.xib; sourceTree = "<group>"; };
		FAEB06611B63840800A01D16 /* OpusEncodingObjCTests.xctest */ = {isa = PBXFileReference; explicitFileType = wrapper.cfbundle; includeInIndex = 0; path = OpusEncodingObjCTests.xctest; sourceTree = BUILT_PRODUCTS_DIR; };
		FAEB06661B63840800A01D16 /* Info.plist */ = {isa = PBXFileReference; lastKnownFileType = text.plist.xml; path = Info.plist; sourceTree = "<group>"; };
		FAEB06671B63840800A01D16 /* OpusEncodingObjCTests.m */ = {isa = PBXFileReference; lastKnownFileType = sourcecode.c.objc; path = OpusEncodingObjCTests.m; sourceTree = "<group>"; };
/* End PBXFileReference section */

/* Begin PBXFrameworksBuildPhase section */
		FAEB06451B63840800A01D16 /* Frameworks */ = {
			isa = PBXFrameworksBuildPhase;
			buildActionMask = 2147483647;
			files = (
			);
			runOnlyForDeploymentPostprocessing = 0;
		};
		FAEB065E1B63840800A01D16 /* Frameworks */ = {
			isa = PBXFrameworksBuildPhase;
			buildActionMask = 2147483647;
			files = (
			);
			runOnlyForDeploymentPostprocessing = 0;
		};
/* End PBXFrameworksBuildPhase section */

/* Begin PBXGroup section */
		FAEB063F1B63840800A01D16 = {
			isa = PBXGroup;
			children = (
				FAEB064A1B63840800A01D16 /* OpusEncodingObjC */,
				FAEB06641B63840800A01D16 /* OpusEncodingObjCTests */,
				FAEB06491B63840800A01D16 /* Products */,
			);
			sourceTree = "<group>";
		};
		FAEB06491B63840800A01D16 /* Products */ = {
			isa = PBXGroup;
			children = (
				FAEB06481B63840800A01D16 /* OpusEncodingObjC.app */,
				FAEB06611B63840800A01D16 /* OpusEncodingObjCTests.xctest */,
			);
			name = Products;
			sourceTree = "<group>";
		};
		FAEB064A1B63840800A01D16 /* OpusEncodingObjC */ = {
			isa = PBXGroup;
			children = (
				FAEB064F1B63840800A01D16 /* AppDelegate.h */,
				FAEB06501B63840800A01D16 /* AppDelegate.m */,
				FAEB06521B63840800A01D16 /* ViewController.h */,
				FAEB06531B63840800A01D16 /* ViewController.m */,
				FAEB06551B63840800A01D16 /* Main.storyboard */,
				FAEB06581B63840800A01D16 /* Images.xcassets */,
				FAEB065A1B63840800A01D16 /* LaunchScreen.xib */,
				FAEB064B1B63840800A01D16 /* Supporting Files */,
			);
			path = OpusEncodingObjC;
			sourceTree = "<group>";
		};
		FAEB064B1B63840800A01D16 /* Supporting Files */ = {
			isa = PBXGroup;
			children = (
				FAEB064C1B63840800A01D16 /* Info.plist */,
				FAEB064D1B63840800A01D16 /* main.m */,
			);
			name = "Supporting Files";
			sourceTree = "<group>";
		};
		FAEB06641B63840800A01D16 /* OpusEncodingObjCTests */ = {
			isa = PBXGroup;
			children = (
				FAEB06671B63840800A01D16 /* OpusEncodingObjCTests.m */,
				FAEB06651B63840800A01D16 /* Supporting Files */,
			);
			path = OpusEncodingObjCTests;
			sourceTree = "<group>";
		};
		FAEB06651B63840800A01D16 /* Supporting Files */ = {
			isa = PBXGroup;
			children = (
				FAEB06661B63840800A01D16 /* Info.plist */,
			);
			name = "Supporting Files";
			sourceTree = "<group>";
		};
/* End PBXGroup section */

/* Begin PBXNativeTarget section */
		FAEB06471B63840800A01D16 /* OpusEncodingObjC */ = {
			isa = PBXNativeTarget;
			buildConfigurationList = FAEB066B1B63840800A01D16 /* Build configuration list for PBXNativeTarget "OpusEncodingObjC" */;
			buildPhases = (
				FAEB06441B63840800A01D16 /* Sources */,
				FAEB06451B63840800A01D16 /* Frameworks */,
				FAEB06461B63840800A01D16 /* Resources */,
			);
			buildRules = (
			);
			dependencies = (
			);
			name = OpusEncodingObjC;
			productName = OpusEncodingObjC;
			productReference = FAEB06481B63840800A01D16 /* OpusEncodingObjC.app */;
			productType = "com.apple.product-type.application";
		};
		FAEB06601B63840800A01D16 /* OpusEncodingObjCTests */ = {
			isa = PBXNativeTarget;
			buildConfigurationList = FAEB066E1B63840800A01D16 /* Build configuration list for PBXNativeTarget "OpusEncodingObjCTests" */;
			buildPhases = (
				FAEB065D1B63840800A01D16 /* Sources */,
				FAEB065E1B63840800A01D16 /* Frameworks */,
				FAEB065F1B63840800A01D16 /* Resources */,
			);
			buildRules = (
			);
			dependencies = (
				FAEB06631B63840800A01D16 /* PBXTargetDependency */,
			);
			name = OpusEncodingObjCTests;
			productName = OpusEncodingObjCTests;
			productReference = FAEB06611B63840800A01D16 /* OpusEncodingObjCTests.xctest */;
			productType = "com.apple.product-type.bundle.unit-test";
		};
/* End PBXNativeTarget section */

/* Begin PBXProject section */
		FAEB06401B63840800A01D16 /* Project object */ = {
			isa = PBXProject;
			attributes = {
				LastUpgradeCheck = 0640;
				ORGANIZATIONNAME = "Zel Marko";
				TargetAttributes = {
					FAEB06471B63840800A01D16 = {
						CreatedOnToolsVersion = 6.4;
					};
					FAEB06601B63840800A01D16 = {
						CreatedOnToolsVersion = 6.4;
						TestTargetID = FAEB06471B63840800A01D16;
					};
				};
			};
			buildConfigurationList = FAEB06431B63840800A01D16 /* Build configuration list for PBXProject "OpusEncodingObjC" */;
			compatibilityVersion = "Xcode 3.2";
			developmentRegion = English;
			hasScannedForEncodings = 0;
			knownRegions = (
				en,
				Base,
			);
			mainGroup = FAEB063F1B63840800A01D16;
			productRefGroup = FAEB06491B63840800A01D16 /* Products */;
			projectDirPath = "";
			projectRoot = "";
			targets = (
				FAEB06471B63840800A01D16 /* OpusEncodingObjC */,
				FAEB06601B63840800A01D16 /* OpusEncodingObjCTests */,
			);
		};
/* End PBXProject section */

/* Begin PBXResourcesBuildPhase section */
		FAEB06461B63840800A01D16 /* Resources */ = {
			isa = PBXResourcesBuildPhase;
			buildActionMask = 2147483647;
			files = (
				FAEB06571B63840800A01D16 /* Main.storyboard in Resources */,
				FAEB065C1B63840800A01D16 /* LaunchScreen.xib in Resources */,
				FAEB06591B63840800A01D16 /* Images.xcassets in Resources */,
			);
			runOnlyForDeploymentPostprocessing = 0;
		};
		FAEB065F1B63840800A01D16 /* Resources */ = {
			isa = PBXResourcesBuildPhase;
			buildActionMask = 2147483647;
			files = (
			);
			runOnlyForDeploymentPostprocessing = 0;
		};
/* End PBXResourcesBuildPhase section */

/* Begin PBXSourcesBuildPhase section */
		FAEB06441B63840800A01D16 /* Sources */ = {
			isa = PBXSourcesBuildPhase;
			buildActionMask = 2147483647;
			files = (
				FAEB06541B63840800A01D16 /* ViewController.m in Sources */,
				FAEB06511B63840800A01D16 /* AppDelegate.m in Sources */,
				FAEB064E1B63840800A01D16 /* main.m in Sources */,
			);
			runOnlyForDeploymentPostprocessing = 0;
		};
		FAEB065D1B63840800A01D16 /* Sources */ = {
			isa = PBXSourcesBuildPhase;
			buildActionMask = 2147483647;
			files = (
				FAEB06681B63840800A01D16 /* OpusEncodingObjCTests.m in Sources */,
			);
			runOnlyForDeploymentPostprocessing = 0;
		};
/* End PBXSourcesBuildPhase section */

/* Begin PBXTargetDependency section */
		FAEB06631B63840800A01D16 /* PBXTargetDependency */ = {
			isa = PBXTargetDependency;
			target = FAEB06471B63840800A01D16 /* OpusEncodingObjC */;
			targetProxy = FAEB06621B63840800A01D16 /* PBXContainerItemProxy */;
		};
/* End PBXTargetDependency section */

/* Begin PBXVariantGroup section */
		FAEB06551B63840800A01D16 /* Main.storyboard */ = {
			isa = PBXVariantGroup;
			children = (
				FAEB06561B63840800A01D16 /* Base */,
			);
			name = Main.storyboard;
			sourceTree = "<group>";
		};
		FAEB065A1B63840800A01D16 /* LaunchScreen.xib */ = {
			isa = PBXVariantGroup;
			children = (
				FAEB065B1B63840800A01D16 /* Base */,
			);
			name = LaunchScreen.xib;
			sourceTree = "<group>";
		};
/* End PBXVariantGroup section */

/* Begin XCBuildConfiguration section */
		FAEB06691B63840800A01D16 /* Debug */ = {
			isa = XCBuildConfiguration;
			buildSettings = {
				ALWAYS_SEARCH_USER_PATHS = NO;
				CLANG_CXX_LANGUAGE_STANDARD = "gnu++0x";
				CLANG_CXX_LIBRARY = "libc++";
				CLANG_ENABLE_MODULES = YES;
				CLANG_ENABLE_OBJC_ARC = YES;
				CLANG_WARN_BOOL_CONVERSION = YES;
				CLANG_WARN_CONSTANT_CONVERSION = YES;
				CLANG_WARN_DIRECT_OBJC_ISA_USAGE = YES_ERROR;
				CLANG_WARN_EMPTY_BODY = YES;
				CLANG_WARN_ENUM_CONVERSION = YES;
				CLANG_WARN_INT_CONVERSION = YES;
				CLANG_WARN_OBJC_ROOT_CLASS = YES_ERROR;
				CLANG_WARN_UNREACHABLE_CODE = YES;
				CLANG_WARN__DUPLICATE_METHOD_MATCH = YES;
				"CODE_SIGN_IDENTITY[sdk=iphoneos*]" = "iPhone Developer";
				COPY_PHASE_STRIP = NO;
				DEBUG_INFORMATION_FORMAT = "dwarf-with-dsym";
				ENABLE_STRICT_OBJC_MSGSEND = YES;
				GCC_C_LANGUAGE_STANDARD = gnu99;
				GCC_DYNAMIC_NO_PIC = NO;
				GCC_NO_COMMON_BLOCKS = YES;
				GCC_OPTIMIZATION_LEVEL = 0;
				GCC_PREPROCESSOR_DEFINITIONS = (
					"DEBUG=1",
					"$(inherited)",
				);
				GCC_SYMBOLS_PRIVATE_EXTERN = NO;
				GCC_WARN_64_TO_32_BIT_CONVERSION = YES;
				GCC_WARN_ABOUT_RETURN_TYPE = YES_ERROR;
				GCC_WARN_UNDECLARED_SELECTOR = YES;
				GCC_WARN_UNINITIALIZED_AUTOS = YES_AGGRESSIVE;
				GCC_WARN_UNUSED_FUNCTION = YES;
				GCC_WARN_UNUSED_VARIABLE = YES;
				IPHONEOS_DEPLOYMENT_TARGET = 8.4;
				MTL_ENABLE_DEBUG_INFO = YES;
				ONLY_ACTIVE_ARCH = YES;
				SDKROOT = iphoneos;
			};
			name = Debug;
		};
		FAEB066A1B63840800A01D16 /* Release */ = {
			isa = XCBuildConfiguration;
			buildSettings = {
				ALWAYS_SEARCH_USER_PATHS = NO;
				CLANG_CXX_LANGUAGE_STANDARD = "gnu++0x";
				CLANG_CXX_LIBRARY = "libc++";
				CLANG_ENABLE_MODULES = YES;
				CLANG_ENABLE_OBJC_ARC = YES;
				CLANG_WARN_BOOL_CONVERSION = YES;
				CLANG_WARN_CONSTANT_CONVERSION = YES;
				CLANG_WARN_DIRECT_OBJC_ISA_USAGE = YES_ERROR;
				CLANG_WARN_EMPTY_BODY = YES;
				CLANG_WARN_ENUM_CONVERSION = YES;
				CLANG_WARN_INT_CONVERSION = YES;
				CLANG_WARN_OBJC_ROOT_CLASS = YES_ERROR;
				CLANG_WARN_UNREACHABLE_CODE = YES;
				CLANG_WARN__DUPLICATE_METHOD_MATCH = YES;
				"CODE_SIGN_IDENTITY[sdk=iphoneos*]" = "iPhone Developer";
				COPY_PHASE_STRIP = NO;
				DEBUG_INFORMATION_FORMAT = "dwarf-with-dsym";
				ENABLE_NS_ASSERTIONS = NO;
				ENABLE_STRICT_OBJC_MSGSEND = YES;
				GCC_C_LANGUAGE_STANDARD = gnu99;
				GCC_NO_COMMON_BLOCKS = YES;
				GCC_WARN_64_TO_32_BIT_CONVERSION = YES;
				GCC_WARN_ABOUT_RETURN_TYPE = YES_ERROR;
				GCC_WARN_UNDECLARED_SELECTOR = YES;
				GCC_WARN_UNINITIALIZED_AUTOS = YES_AGGRESSIVE;
				GCC_WARN_UNUSED_FUNCTION = YES;
				GCC_WARN_UNUSED_VARIABLE = YES;
				IPHONEOS_DEPLOYMENT_TARGET = 8.4;
				MTL_ENABLE_DEBUG_INFO = NO;
				SDKROOT = iphoneos;
				VALIDATE_PRODUCT = YES;
			};
			name = Release;
		};
		FAEB066C1B63840800A01D16 /* Debug */ = {
			isa = XCBuildConfiguration;
			buildSettings = {
				ASSETCATALOG_COMPILER_APPICON_NAME = AppIcon;
				INFOPLIST_FILE = OpusEncodingObjC/Info.plist;
				LD_RUNPATH_SEARCH_PATHS = "$(inherited) @executable_path/Frameworks";
				PRODUCT_NAME = "$(TARGET_NAME)";
			};
			name = Debug;
		};
		FAEB066D1B63840800A01D16 /* Release */ = {
			isa = XCBuildConfiguration;
			buildSettings = {
				ASSETCATALOG_COMPILER_APPICON_NAME = AppIcon;
				INFOPLIST_FILE = OpusEncodingObjC/Info.plist;
				LD_RUNPATH_SEARCH_PATHS = "$(inherited) @executable_path/Frameworks";
				PRODUCT_NAME = "$(TARGET_NAME)";
			};
			name = Release;
		};
		FAEB066F1B63840800A01D16 /* Debug */ = {
			isa = XCBuildConfiguration;
			buildSettings = {
				BUNDLE_LOADER = "$(TEST_HOST)";
				FRAMEWORK_SEARCH_PATHS = (
					"$(SDKROOT)/Developer/Library/Frameworks",
					"$(inherited)",
				);
				GCC_PREPROCESSOR_DEFINITIONS = (
					"DEBUG=1",
					"$(inherited)",
				);
				INFOPLIST_FILE = OpusEncodingObjCTests/Info.plist;
				LD_RUNPATH_SEARCH_PATHS = "$(inherited) @executable_path/Frameworks @loader_path/Frameworks";
				PRODUCT_NAME = "$(TARGET_NAME)";
				TEST_HOST = "$(BUILT_PRODUCTS_DIR)/OpusEncodingObjC.app/OpusEncodingObjC";
			};
			name = Debug;
		};
		FAEB06701B63840800A01D16 /* Release */ = {
			isa = XCBuildConfiguration;
			buildSettings = {
				BUNDLE_LOADER = "$(TEST_HOST)";
				FRAMEWORK_SEARCH_PATHS = (
					"$(SDKROOT)/Developer/Library/Frameworks",
					"$(inherited)",
				);
				INFOPLIST_FILE = OpusEncodingObjCTests/Info.plist;
				LD_RUNPATH_SEARCH_PATHS = "$(inherited) @executable_path/Frameworks @loader_path/Frameworks";
				PRODUCT_NAME = "$(TARGET_NAME)";
				TEST_HOST = "$(BUILT_PRODUCTS_DIR)/OpusEncodingObjC.app/OpusEncodingObjC";
			};
			name = Release;
		};
/* End XCBuildConfiguration section */

/* Begin XCConfigurationList section */
		FAEB06431B63840800A01D16 /* Build configuration list for PBXProject "OpusEncodingObjC" */ = {
			isa = XCConfigurationList;
			buildConfigurations = (
				FAEB06691B63840800A01D16 /* Debug */,
				FAEB066A1B63840800A01D16 /* Release */,
			);
			defaultConfigurationIsVisible = 0;
			defaultConfigurationName = Release;
		};
		FAEB066B1B63840800A01D16 /* Build configuration list for PBXNativeTarget "OpusEncodingObjC" */ = {
			isa = XCConfigurationList;
			buildConfigurations = (
				FAEB066C1B63840800A01D16 /* Debug */,
				FAEB066D1B63840800A01D16 /* Release */,
			);
			defaultConfigurationIsVisible = 0;
		};
		FAEB066E1B63840800A01D16 /* Build configuration list for PBXNativeTarget "OpusEncodingObjCTests" */ = {
			isa = XCConfigurationList;
			buildConfigurations = (
				FAEB066F1B63840800A01D16 /* Debug */,
				FAEB06701B63840800A01D16 /* Release */,
			);
			defaultConfigurationIsVisible = 0;
		};
/* End XCConfigurationList section */
	};
	rootObject = FAEB06401B63840800A01D16 /* Project object */;
}
